
Microsoft Visual Studio Solution File, Format Version 12.00
Project("{FAE04EC0-301F-11D3-BF4B-00C04F79EFBC}") = "GraphTheory", "GraphTheory\GraphTheory.csproj", "{18EEE2CB-AF25-48C9-A48F-8F25D9BA8A23}"
EndProject
Global
	GlobalSection(SolutionConfigurationPlatforms) = preSolution
		Debug|Any CPU = Debug|Any CPU
		Release|Any CPU = Release|Any CPU
	EndGlobalSection
	GlobalSection(ProjectConfigurationPlatforms) = postSolution
		{18EEE2CB-AF25-48C9-A48F-8F25D9BA8A23}.Debug|Any CPU.ActiveCfg = Debug|Any CPU
		{18EEE2CB-AF25-48C9-A48F-8F25D9BA8A23}.Debug|Any CPU.Build.0 = Debug|Any CPU
		{18EEE2CB-AF25-48C9-A48F-8F25D9BA8A23}.Release|Any CPU.ActiveCfg = Release|Any CPU
		{18EEE2CB-AF25-48C9-A48F-8F25D9BA8A23}.Release|Any CPU.Build.0 = Release|Any CPU
	EndGlobalSection
EndGlobal
